
Microsoft Visual Studio Solution File, Format Version 12.00
Project("{FAE04EC0-301F-11D3-BF4B-00C04F79EFBC}") = "lab1Ti", "lab1Ti\lab1Ti.csproj", "{C0316074-E0C1-4A35-999F-70E82FDD5B2B}"
EndProject
Global
	GlobalSection(SolutionConfigurationPlatforms) = preSolution
		Debug|Any CPU = Debug|Any CPU
		Release|Any CPU = Release|Any CPU
	EndGlobalSection
	GlobalSection(ProjectConfigurationPlatforms) = postSolution
		{C0316074-E0C1-4A35-999F-70E82FDD5B2B}.Debug|Any CPU.ActiveCfg = Debug|Any CPU
		{C0316074-E0C1-4A35-999F-70E82FDD5B2B}.Debug|Any CPU.Build.0 = Debug|Any CPU
		{C0316074-E0C1-4A35-999F-70E82FDD5B2B}.Release|Any CPU.ActiveCfg = Release|Any CPU
		{C0316074-E0C1-4A35-999F-70E82FDD5B2B}.Release|Any CPU.Build.0 = Release|Any CPU
	EndGlobalSection
EndGlobal
